// !$*UTF8*$!
{
	archiveVersion = 1;
	classes = {
	};
	objectVersion = 50;
	objects = {

/* Begin PBXBuildFile section */
		54B9AE722095F38D008A05DD /* AppDelegate.swift in Sources */ = {isa = PBXBuildFile; fileRef = 54B9AE712095F38D008A05DD /* AppDelegate.swift */; };
		54B9AE742095F38D008A05DD /* ViewController.swift in Sources */ = {isa = PBXBuildFile; fileRef = 54B9AE732095F38D008A05DD /* ViewController.swift */; };
		54B9AE772095F38D008A05DD /* Main.storyboard in Resources */ = {isa = PBXBuildFile; fileRef = 54B9AE752095F38D008A05DD /* Main.storyboard */; };
		54B9AE792095F38E008A05DD /* Assets.xcassets in Resources */ = {isa = PBXBuildFile; fileRef = 54B9AE782095F38E008A05DD /* Assets.xcassets */; };
		54B9AE7C2095F38E008A05DD /* LaunchScreen.storyboard in Resources */ = {isa = PBXBuildFile; fileRef = 54B9AE7A2095F38E008A05DD /* LaunchScreen.storyboard */; };
		54B9AE872095F38E008A05DD /* MycameraAppTests.swift in Sources */ = {isa = PBXBuildFile; fileRef = 54B9AE862095F38E008A05DD /* MycameraAppTests.swift */; };
		54B9AE922095F38E008A05DD /* MycameraAppUITests.swift in Sources */ = {isa = PBXBuildFile; fileRef = 54B9AE912095F38E008A05DD /* MycameraAppUITests.swift */; };
		54B9AEA02095FE4C008A05DD /* SecondViewController.swift in Sources */ = {isa = PBXBuildFile; fileRef = 54B9AE9F2095FE4C008A05DD /* SecondViewController.swift */; };
/* End PBXBuildFile section */

/* Begin PBXContainerItemProxy section */
		54B9AE832095F38E008A05DD /* PBXContainerItemProxy */ = {
			isa = PBXContainerItemProxy;
			containerPortal = 54B9AE662095F38D008A05DD /* Project object */;
			proxyType = 1;
			remoteGlobalIDString = 54B9AE6D2095F38D008A05DD;
			remoteInfo = MycameraApp;
		};
		54B9AE8E2095F38E008A05DD /* PBXContainerItemProxy */ = {
			isa = PBXContainerItemProxy;
			containerPortal = 54B9AE662095F38D008A05DD /* Project object */;
			proxyType = 1;
			remoteGlobalIDString = 54B9AE6D2095F38D008A05DD;
			remoteInfo = MycameraApp;
		};
/* End PBXContainerItemProxy section */

/* Begin PBXFileReference section */
		54B9AE6E2095F38D008A05DD /* MycameraApp.app */ = {isa = PBXFileReference; explicitFileType = wrapper.application; includeInIndex = 0; path = MycameraApp.app; sourceTree = BUILT_PRODUCTS_DIR; };
		54B9AE712095F38D008A05DD /* AppDelegate.swift */ = {isa = PBXFileReference; lastKnownFileType = sourcecode.swift; path = AppDelegate.swift; sourceTree = "<group>"; };
		54B9AE732095F38D008A05DD /* ViewController.swift */ = {isa = PBXFileReference; lastKnownFileType = sourcecode.swift; path = ViewController.swift; sourceTree = "<group>"; };
		54B9AE762095F38D008A05DD /* Base */ = {isa = PBXFileReference; lastKnownFileType = file.storyboard; name = Base; path = Base.lproj/Main.storyboard; sourceTree = "<group>"; };
		54B9AE782095F38E008A05DD /* Assets.xcassets */ = {isa = PBXFileReference; lastKnownFileType = folder.assetcatalog; path = Assets.xcassets; sourceTree = "<group>"; };
		54B9AE7B2095F38E008A05DD /* Base */ = {isa = PBXFileReference; lastKnownFileType = file.storyboard; name = Base; path = Base.lproj/LaunchScreen.storyboard; sourceTree = "<group>"; };
		54B9AE7D2095F38E008A05DD /* Info.plist */ = {isa = PBXFileReference; lastKnownFileType = text.plist.xml; path = Info.plist; sourceTree = "<group>"; };
		54B9AE822095F38E008A05DD /* MycameraAppTests.xctest */ = {isa = PBXFileReference; explicitFileType = wrapper.cfbundle; includeInIndex = 0; path = MycameraAppTests.xctest; sourceTree = BUILT_PRODUCTS_DIR; };
		54B9AE862095F38E008A05DD /* MycameraAppTests.swift */ = {isa = PBXFileReference; lastKnownFileType = sourcecode.swift; path = MycameraAppTests.swift; sourceTree = "<group>"; };
		54B9AE882095F38E008A05DD /* Info.plist */ = {isa = PBXFileReference; lastKnownFileType = text.plist.xml; path = Info.plist; sourceTree = "<group>"; };
		54B9AE8D2095F38E008A05DD /* MycameraAppUITests.xctest */ = {isa = PBXFileReference; explicitFileType = wrapper.cfbundle; includeInIndex = 0; path = MycameraAppUITests.xctest; sourceTree = BUILT_PRODUCTS_DIR; };
		54B9AE912095F38E008A05DD /* MycameraAppUITests.swift */ = {isa = PBXFileReference; lastKnownFileType = sourcecode.swift; path = MycameraAppUITests.swift; sourceTree = "<group>"; };
		54B9AE932095F38E008A05DD /* Info.plist */ = {isa = PBXFileReference; lastKnownFileType = text.plist.xml; path = Info.plist; sourceTree = "<group>"; };
		54B9AE9F2095FE4C008A05DD /* SecondViewController.swift */ = {isa = PBXFileReference; lastKnownFileType = sourcecode.swift; path = SecondViewController.swift; sourceTree = "<group>"; };
/* End PBXFileReference section */

/* Begin PBXFrameworksBuildPhase section */
		54B9AE6B2095F38D008A05DD /* Frameworks */ = {
			isa = PBXFrameworksBuildPhase;
			buildActionMask = 2147483647;
			files = (
			);
			runOnlyForDeploymentPostprocessing = 0;
		};
		54B9AE7F2095F38E008A05DD /* Frameworks */ = {
			isa = PBXFrameworksBuildPhase;
			buildActionMask = 2147483647;
			files = (
			);
			runOnlyForDeploymentPostprocessing = 0;
		};
		54B9AE8A2095F38E008A05DD /* Frameworks */ = {
			isa = PBXFrameworksBuildPhase;
			buildActionMask = 2147483647;
			files = (
			);
			runOnlyForDeploymentPostprocessing = 0;
		};
/* End PBXFrameworksBuildPhase section */

/* Begin PBXGroup section */
		54B9AE652095F38D008A05DD = {
			isa = PBXGroup;
			children = (
				54B9AE702095F38D008A05DD /* MycameraApp */,
				54B9AE852095F38E008A05DD /* MycameraAppTests */,
				54B9AE902095F38E008A05DD /* MycameraAppUITests */,
				54B9AE6F2095F38D008A05DD /* Products */,
			);
			sourceTree = "<group>";
		};
		54B9AE6F2095F38D008A05DD /* Products */ = {
			isa = PBXGroup;
			children = (
				54B9AE6E2095F38D008A05DD /* MycameraApp.app */,
				54B9AE822095F38E008A05DD /* MycameraAppTests.xctest */,
				54B9AE8D2095F38E008A05DD /* MycameraAppUITests.xctest */,
			);
			name = Products;
			sourceTree = "<group>";
		};
		54B9AE702095F38D008A05DD /* MycameraApp */ = {
			isa = PBXGroup;
			children = (
				54B9AE712095F38D008A05DD /* AppDelegate.swift */,
				54B9AE732095F38D008A05DD /* ViewController.swift */,
				54B9AE9F2095FE4C008A05DD /* SecondViewController.swift */,
				54B9AE752095F38D008A05DD /* Main.storyboard */,
				54B9AE782095F38E008A05DD /* Assets.xcassets */,
				54B9AE7A2095F38E008A05DD /* LaunchScreen.storyboard */,
				54B9AE7D2095F38E008A05DD /* Info.plist */,
			);
			path = MycameraApp;
			sourceTree = "<group>";
		};
		54B9AE852095F38E008A05DD /* MycameraAppTests */ = {
			isa = PBXGroup;
			children = (
				54B9AE862095F38E008A05DD /* MycameraAppTests.swift */,
				54B9AE882095F38E008A05DD /* Info.plist */,
			);
			path = MycameraAppTests;
			sourceTree = "<group>";
		};
		54B9AE902095F38E008A05DD /* MycameraAppUITests */ = {
			isa = PBXGroup;
			children = (
				54B9AE912095F38E008A05DD /* MycameraAppUITests.swift */,
				54B9AE932095F38E008A05DD /* Info.plist */,
			);
			path = MycameraAppUITests;
			sourceTree = "<group>";
		};
/* End PBXGroup section */

/* Begin PBXNativeTarget section */
		54B9AE6D2095F38D008A05DD /* MycameraApp */ = {
			isa = PBXNativeTarget;
			buildConfigurationList = 54B9AE962095F38E008A05DD /* Build configuration list for PBXNativeTarget "MycameraApp" */;
			buildPhases = (
				54B9AE6A2095F38D008A05DD /* Sources */,
				54B9AE6B2095F38D008A05DD /* Frameworks */,
				54B9AE6C2095F38D008A05DD /* Resources */,
			);
			buildRules = (
			);
			dependencies = (
			);
			name = MycameraApp;
			productName = MycameraApp;
			productReference = 54B9AE6E2095F38D008A05DD /* MycameraApp.app */;
			productType = "com.apple.product-type.application";
		};
		54B9AE812095F38E008A05DD /* MycameraAppTests */ = {
			isa = PBXNativeTarget;
			buildConfigurationList = 54B9AE992095F38E008A05DD /* Build configuration list for PBXNativeTarget "MycameraAppTests" */;
			buildPhases = (
				54B9AE7E2095F38E008A05DD /* Sources */,
				54B9AE7F2095F38E008A05DD /* Frameworks */,
				54B9AE802095F38E008A05DD /* Resources */,
			);
			buildRules = (
			);
			dependencies = (
				54B9AE842095F38E008A05DD /* PBXTargetDependency */,
			);
			name = MycameraAppTests;
			productName = MycameraAppTests;
			productReference = 54B9AE822095F38E008A05DD /* MycameraAppTests.xctest */;
			productType = "com.apple.product-type.bundle.unit-test";
		};
		54B9AE8C2095F38E008A05DD /* MycameraAppUITests */ = {
			isa = PBXNativeTarget;
			buildConfigurationList = 54B9AE9C2095F38E008A05DD /* Build configuration list for PBXNativeTarget "MycameraAppUITests" */;
			buildPhases = (
				54B9AE892095F38E008A05DD /* Sources */,
				54B9AE8A2095F38E008A05DD /* Frameworks */,
				54B9AE8B2095F38E008A05DD /* Resources */,
			);
			buildRules = (
			);
			dependencies = (
				54B9AE8F2095F38E008A05DD /* PBXTargetDependency */,
			);
			name = MycameraAppUITests;
			productName = MycameraAppUITests;
			productReference = 54B9AE8D2095F38E008A05DD /* MycameraAppUITests.xctest */;
			productType = "com.apple.product-type.bundle.ui-testing";
		};
/* End PBXNativeTarget section */

/* Begin PBXProject section */
		54B9AE662095F38D008A05DD /* Project object */ = {
			isa = PBXProject;
			attributes = {
				LastSwiftUpdateCheck = 0930;
				LastUpgradeCheck = 0930;
				ORGANIZATIONNAME = "会社②";
				TargetAttributes = {
					54B9AE6D2095F38D008A05DD = {
						CreatedOnToolsVersion = 9.3;
					};
					54B9AE812095F38E008A05DD = {
						CreatedOnToolsVersion = 9.3;
						TestTargetID = 54B9AE6D2095F38D008A05DD;
					};
					54B9AE8C2095F38E008A05DD = {
						CreatedOnToolsVersion = 9.3;
						TestTargetID = 54B9AE6D2095F38D008A05DD;
					};
				};
			};
			buildConfigurationList = 54B9AE692095F38D008A05DD /* Build configuration list for PBXProject "MycameraApp" */;
			compatibilityVersion = "Xcode 9.3";
			developmentRegion = en;
			hasScannedForEncodings = 0;
			knownRegions = (
				en,
				Base,
			);
			mainGroup = 54B9AE652095F38D008A05DD;
			productRefGroup = 54B9AE6F2095F38D008A05DD /* Products */;
			projectDirPath = "";
			projectRoot = "";
			targets = (
				54B9AE6D2095F38D008A05DD /* MycameraApp */,
				54B9AE812095F38E008A05DD /* MycameraAppTests */,
				54B9AE8C2095F38E008A05DD /* MycameraAppUITests */,
			);
		};
/* End PBXProject section */

/* Begin PBXResourcesBuildPhase section */
		54B9AE6C2095F38D008A05DD /* Resources */ = {
			isa = PBXResourcesBuildPhase;
			buildActionMask = 2147483647;
			files = (
				54B9AE7C2095F38E008A05DD /* LaunchScreen.storyboard in Resources */,
				54B9AE792095F38E008A05DD /* Assets.xcassets in Resources */,
				54B9AE772095F38D008A05DD /* Main.storyboard in Resources */,
			);
			runOnlyForDeploymentPostprocessing = 0;
		};
		54B9AE802095F38E008A05DD /* Resources */ = {
			isa = PBXResourcesBuildPhase;
			buildActionMask = 2147483647;
			files = (
			);
			runOnlyForDeploymentPostprocessing = 0;
		};
		54B9AE8B2095F38E008A05DD /* Resources */ = {
			isa = PBXResourcesBuildPhase;
			buildActionMask = 2147483647;
			files = (
			);
			runOnlyForDeploymentPostprocessing = 0;
		};
/* End PBXResourcesBuildPhase section */

/* Begin PBXSourcesBuildPhase section */
		54B9AE6A2095F38D008A05DD /* Sources */ = {
			isa = PBXSourcesBuildPhase;
			buildActionMask = 2147483647;
			files = (
				54B9AEA02095FE4C008A05DD /* SecondViewController.swift in Sources */,
				54B9AE742095F38D008A05DD /* ViewController.swift in Sources */,
				54B9AE722095F38D008A05DD /* AppDelegate.swift in Sources */,
			);
			runOnlyForDeploymentPostprocessing = 0;
		};
		54B9AE7E2095F38E008A05DD /* Sources */ = {
			isa = PBXSourcesBuildPhase;
			buildActionMask = 2147483647;
			files = (
				54B9AE872095F38E008A05DD /* MycameraAppTests.swift in Sources */,
			);
			runOnlyForDeploymentPostprocessing = 0;
		};
		54B9AE892095F38E008A05DD /* Sources */ = {
			isa = PBXSourcesBuildPhase;
			buildActionMask = 2147483647;
			files = (
				54B9AE922095F38E008A05DD /* MycameraAppUITests.swift in Sources */,
			);
			runOnlyForDeploymentPostprocessing = 0;
		};
/* End PBXSourcesBuildPhase section */

/* Begin PBXTargetDependency section */
		54B9AE842095F38E008A05DD /* PBXTargetDependency */ = {
			isa = PBXTargetDependency;
			target = 54B9AE6D2095F38D008A05DD /* MycameraApp */;
			targetProxy = 54B9AE832095F38E008A05DD /* PBXContainerItemProxy */;
		};
		54B9AE8F2095F38E008A05DD /* PBXTargetDependency */ = {
			isa = PBXTargetDependency;
			target = 54B9AE6D2095F38D008A05DD /* MycameraApp */;
			targetProxy = 54B9AE8E2095F38E008A05DD /* PBXContainerItemProxy */;
		};
/* End PBXTargetDependency section */

/* Begin PBXVariantGroup section */
		54B9AE752095F38D008A05DD /* Main.storyboard */ = {
			isa = PBXVariantGroup;
			children = (
				54B9AE762095F38D008A05DD /* Base */,
			);
			name = Main.storyboard;
			sourceTree = "<group>";
		};
		54B9AE7A2095F38E008A05DD /* LaunchScreen.storyboard */ = {
			isa = PBXVariantGroup;
			children = (
				54B9AE7B2095F38E008A05DD /* Base */,
			);
			name = LaunchScreen.storyboard;
			sourceTree = "<group>";
		};
/* End PBXVariantGroup section */

/* Begin XCBuildConfiguration section */
		54B9AE942095F38E008A05DD /* Debug */ = {
			isa = XCBuildConfiguration;
			buildSettings = {
				ALWAYS_SEARCH_USER_PATHS = NO;
				CLANG_ANALYZER_NONNULL = YES;
				CLANG_ANALYZER_NUMBER_OBJECT_CONVERSION = YES_AGGRESSIVE;
				CLANG_CXX_LANGUAGE_STANDARD = "gnu++14";
				CLANG_CXX_LIBRARY = "libc++";
				CLANG_ENABLE_MODULES = YES;
				CLANG_ENABLE_OBJC_ARC = YES;
				CLANG_ENABLE_OBJC_WEAK = YES;
				CLANG_WARN_BLOCK_CAPTURE_AUTORELEASING = YES;
				CLANG_WARN_BOOL_CONVERSION = YES;
				CLANG_WARN_COMMA = YES;
				CLANG_WARN_CONSTANT_CONVERSION = YES;
				CLANG_WARN_DEPRECATED_OBJC_IMPLEMENTATIONS = YES;
				CLANG_WARN_DIRECT_OBJC_ISA_USAGE = YES_ERROR;
				CLANG_WARN_DOCUMENTATION_COMMENTS = YES;
				CLANG_WARN_EMPTY_BODY = YES;
				CLANG_WARN_ENUM_CONVERSION = YES;
				CLANG_WARN_INFINITE_RECURSION = YES;
				CLANG_WARN_INT_CONVERSION = YES;
				CLANG_WARN_NON_LITERAL_NULL_CONVERSION = YES;
				CLANG_WARN_OBJC_IMPLICIT_RETAIN_SELF = YES;
				CLANG_WARN_OBJC_LITERAL_CONVERSION = YES;
				CLANG_WARN_OBJC_ROOT_CLASS = YES_ERROR;
				CLANG_WARN_RANGE_LOOP_ANALYSIS = YES;
				CLANG_WARN_STRICT_PROTOTYPES = YES;
				CLANG_WARN_SUSPICIOUS_MOVE = YES;
				CLANG_WARN_UNGUARDED_AVAILABILITY = YES_AGGRESSIVE;
				CLANG_WARN_UNREACHABLE_CODE = YES;
				CLANG_WARN__DUPLICATE_METHOD_MATCH = YES;
				CODE_SIGN_IDENTITY = "iPhone Developer";
				COPY_PHASE_STRIP = NO;
				DEBUG_INFORMATION_FORMAT = dwarf;
				ENABLE_STRICT_OBJC_MSGSEND = YES;
				ENABLE_TESTABILITY = YES;
				GCC_C_LANGUAGE_STANDARD = gnu11;
				GCC_DYNAMIC_NO_PIC = NO;
				GCC_NO_COMMON_BLOCKS = YES;
				GCC_OPTIMIZATION_LEVEL = 0;
				GCC_PREPROCESSOR_DEFINITIONS = (
					"DEBUG=1",
					"$(inherited)",
				);
				GCC_WARN_64_TO_32_BIT_CONVERSION = YES;
				GCC_WARN_ABOUT_RETURN_TYPE = YES_ERROR;
				GCC_WARN_UNDECLARED_SELECTOR = YES;
				GCC_WARN_UNINITIALIZED_AUTOS = YES_AGGRESSIVE;
				GCC_WARN_UNUSED_FUNCTION = YES;
				GCC_WARN_UNUSED_VARIABLE = YES;
				IPHONEOS_DEPLOYMENT_TARGET = 11.3;
				MTL_ENABLE_DEBUG_INFO = YES;
				ONLY_ACTIVE_ARCH = YES;
				SDKROOT = iphoneos;
				SWIFT_ACTIVE_COMPILATION_CONDITIONS = DEBUG;
				SWIFT_OPTIMIZATION_LEVEL = "-Onone";
			};
			name = Debug;
		};
		54B9AE952095F38E008A05DD /* Release */ = {
			isa = XCBuildConfiguration;
			buildSettings = {
				ALWAYS_SEARCH_USER_PATHS = NO;
				CLANG_ANALYZER_NONNULL = YES;
				CLANG_ANALYZER_NUMBER_OBJECT_CONVERSION = YES_AGGRESSIVE;
				CLANG_CXX_LANGUAGE_STANDARD = "gnu++14";
				CLANG_CXX_LIBRARY = "libc++";
				CLANG_ENABLE_MODULES = YES;
				CLANG_ENABLE_OBJC_ARC = YES;
				CLANG_ENABLE_OBJC_WEAK = YES;
				CLANG_WARN_BLOCK_CAPTURE_AUTORELEASING = YES;
				CLANG_WARN_BOOL_CONVERSION = YES;
				CLANG_WARN_COMMA = YES;
				CLANG_WARN_CONSTANT_CONVERSION = YES;
				CLANG_WARN_DEPRECATED_OBJC_IMPLEMENTATIONS = YES;
				CLANG_WARN_DIRECT_OBJC_ISA_USAGE = YES_ERROR;
				CLANG_WARN_DOCUMENTATION_COMMENTS = YES;
				CLANG_WARN_EMPTY_BODY = YES;
				CLANG_WARN_ENUM_CONVERSION = YES;
				CLANG_WARN_INFINITE_RECURSION = YES;
				CLANG_WARN_INT_CONVERSION = YES;
				CLANG_WARN_NON_LITERAL_NULL_CONVERSION = YES;
				CLANG_WARN_OBJC_IMPLICIT_RETAIN_SELF = YES;
				CLANG_WARN_OBJC_LITERAL_CONVERSION = YES;
				CLANG_WARN_OBJC_ROOT_CLASS = YES_ERROR;
				CLANG_WARN_RANGE_LOOP_ANALYSIS = YES;
				CLANG_WARN_STRICT_PROTOTYPES = YES;
				CLANG_WARN_SUSPICIOUS_MOVE = YES;
				CLANG_WARN_UNGUARDED_AVAILABILITY = YES_AGGRESSIVE;
				CLANG_WARN_UNREACHABLE_CODE = YES;
				CLANG_WARN__DUPLICATE_METHOD_MATCH = YES;
				CODE_SIGN_IDENTITY = "iPhone Developer";
				COPY_PHASE_STRIP = NO;
				DEBUG_INFORMATION_FORMAT = "dwarf-with-dsym";
				ENABLE_NS_ASSERTIONS = NO;
				ENABLE_STRICT_OBJC_MSGSEND = YES;
				GCC_C_LANGUAGE_STANDARD = gnu11;
				GCC_NO_COMMON_BLOCKS = YES;
				GCC_WARN_64_TO_32_BIT_CONVERSION = YES;
				GCC_WARN_ABOUT_RETURN_TYPE = YES_ERROR;
				GCC_WARN_UNDECLARED_SELECTOR = YES;
				GCC_WARN_UNINITIALIZED_AUTOS = YES_AGGRESSIVE;
				GCC_WARN_UNUSED_FUNCTION = YES;
				GCC_WARN_UNUSED_VARIABLE = YES;
				IPHONEOS_DEPLOYMENT_TARGET = 11.3;
				MTL_ENABLE_DEBUG_INFO = NO;
				SDKROOT = iphoneos;
				SWIFT_COMPILATION_MODE = wholemodule;
				SWIFT_OPTIMIZATION_LEVEL = "-O";
				VALIDATE_PRODUCT = YES;
			};
			name = Release;
		};
		54B9AE972095F38E008A05DD /* Debug */ = {
			isa = XCBuildConfiguration;
			buildSettings = {
				ASSETCATALOG_COMPILER_APPICON_NAME = AppIcon;
				CODE_SIGN_STYLE = Automatic;
				INFOPLIST_FILE = MycameraApp/Info.plist;
				LD_RUNPATH_SEARCH_PATHS = (
					"$(inherited)",
					"@executable_path/Frameworks",
				);
				PRODUCT_BUNDLE_IDENTIFIER = "-613.MycameraApp";
				PRODUCT_NAME = "$(TARGET_NAME)";
				SWIFT_VERSION = 4.0;
				TARGETED_DEVICE_FAMILY = "1,2";
			};
			name = Debug;
		};
		54B9AE982095F38E008A05DD /* Release */ = {
			isa = XCBuildConfiguration;
			buildSettings = {
				ASSETCATALOG_COMPILER_APPICON_NAME = AppIcon;
				CODE_SIGN_STYLE = Automatic;
				INFOPLIST_FILE = MycameraApp/Info.plist;
				LD_RUNPATH_SEARCH_PATHS = (
					"$(inherited)",
					"@executable_path/Frameworks",
				);
				PRODUCT_BUNDLE_IDENTIFIER = "-613.MycameraApp";
				PRODUCT_NAME = "$(TARGET_NAME)";
				SWIFT_VERSION = 4.0;
				TARGETED_DEVICE_FAMILY = "1,2";
			};
			name = Release;
		};
		54B9AE9A2095F38E008A05DD /* Debug */ = {
			isa = XCBuildConfiguration;
			buildSettings = {
				ALWAYS_EMBED_SWIFT_STANDARD_LIBRARIES = YES;
				BUNDLE_LOADER = "$(TEST_HOST)";
				CODE_SIGN_STYLE = Automatic;
				INFOPLIST_FILE = MycameraAppTests/Info.plist;
				LD_RUNPATH_SEARCH_PATHS = (
					"$(inherited)",
					"@executable_path/Frameworks",
					"@loader_path/Frameworks",
				);
				PRODUCT_BUNDLE_IDENTIFIER = "-613.MycameraAppTests";
				PRODUCT_NAME = "$(TARGET_NAME)";
				SWIFT_VERSION = 4.0;
				TARGETED_DEVICE_FAMILY = "1,2";
				TEST_HOST = "$(BUILT_PRODUCTS_DIR)/MycameraApp.app/MycameraApp";
			};
			name = Debug;
		};
		54B9AE9B2095F38E008A05DD /* Release */ = {
			isa = XCBuildConfiguration;
			buildSettings = {
				ALWAYS_EMBED_SWIFT_STANDARD_LIBRARIES = YES;
				BUNDLE_LOADER = "$(TEST_HOST)";
				CODE_SIGN_STYLE = Automatic;
				INFOPLIST_FILE = MycameraAppTests/Info.plist;
				LD_RUNPATH_SEARCH_PATHS = (
					"$(inherited)",
					"@executable_path/Frameworks",
					"@loader_path/Frameworks",
				);
				PRODUCT_BUNDLE_IDENTIFIER = "-613.MycameraAppTests";
				PRODUCT_NAME = "$(TARGET_NAME)";
				SWIFT_VERSION = 4.0;
				TARGETED_DEVICE_FAMILY = "1,2";
				TEST_HOST = "$(BUILT_PRODUCTS_DIR)/MycameraApp.app/MycameraApp";
			};
			name = Release;
		};
		54B9AE9D2095F38E008A05DD /* Debug */ = {
			isa = XCBuildConfiguration;
			buildSettings = {
				ALWAYS_EMBED_SWIFT_STANDARD_LIBRARIES = YES;
				CODE_SIGN_STYLE = Automatic;
				INFOPLIST_FILE = MycameraAppUITests/Info.plist;
				LD_RUNPATH_SEARCH_PATHS = (
					"$(inherited)",
					"@executable_path/Frameworks",
					"@loader_path/Frameworks",
				);
				PRODUCT_BUNDLE_IDENTIFIER = "-613.MycameraAppUITests";
				PRODUCT_NAME = "$(TARGET_NAME)";
				SWIFT_VERSION = 4.0;
				TARGETED_DEVICE_FAMILY = "1,2";
				TEST_TARGET_NAME = MycameraApp;
			};
			name = Debug;
		};
		54B9AE9E2095F38E008A05DD /* Release */ = {
			isa = XCBuildConfiguration;
			buildSettings = {
				ALWAYS_EMBED_SWIFT_STANDARD_LIBRARIES = YES;
				CODE_SIGN_STYLE = Automatic;
				INFOPLIST_FILE = MycameraAppUITests/Info.plist;
				LD_RUNPATH_SEARCH_PATHS = (
					"$(inherited)",
					"@executable_path/Frameworks",
					"@loader_path/Frameworks",
				);
				PRODUCT_BUNDLE_IDENTIFIER = "-613.MycameraAppUITests";
				PRODUCT_NAME = "$(TARGET_NAME)";
				SWIFT_VERSION = 4.0;
				TARGETED_DEVICE_FAMILY = "1,2";
				TEST_TARGET_NAME = MycameraApp;
			};
			name = Release;
		};
/* End XCBuildConfiguration section */

/* Begin XCConfigurationList section */
		54B9AE692095F38D008A05DD /* Build configuration list for PBXProject "MycameraApp" */ = {
			isa = XCConfigurationList;
			buildConfigurations = (
				54B9AE942095F38E008A05DD /* Debug */,
				54B9AE952095F38E008A05DD /* Release */,
			);
			defaultConfigurationIsVisible = 0;
			defaultConfigurationName = Release;
		};
		54B9AE962095F38E008A05DD /* Build configuration list for PBXNativeTarget "MycameraApp" */ = {
			isa = XCConfigurationList;
			buildConfigurations = (
				54B9AE972095F38E008A05DD /* Debug */,
				54B9AE982095F38E008A05DD /* Release */,
			);
			defaultConfigurationIsVisible = 0;
			defaultConfigurationName = Release;
		};
		54B9AE992095F38E008A05DD /* Build configuration list for PBXNativeTarget "MycameraAppTests" */ = {
			isa = XCConfigurationList;
			buildConfigurations = (
				54B9AE9A2095F38E008A05DD /* Debug */,
				54B9AE9B2095F38E008A05DD /* Release */,
			);
			defaultConfigurationIsVisible = 0;
			defaultConfigurationName = Release;
		};
		54B9AE9C2095F38E008A05DD /* Build configuration list for PBXNativeTarget "MycameraAppUITests" */ = {
			isa = XCConfigurationList;
			buildConfigurations = (
				54B9AE9D2095F38E008A05DD /* Debug */,
				54B9AE9E2095F38E008A05DD /* Release */,
			);
			defaultConfigurationIsVisible = 0;
			defaultConfigurationName = Release;
		};
/* End XCConfigurationList section */
	};
	rootObject = 54B9AE662095F38D008A05DD /* Project object */;
}
